
Microsoft Visual Studio Solution File, Format Version 12.00
# Visual Studio Version 16
VisualStudioVersion = 16.0.30114.105
MinimumVisualStudioVersion = 10.0.40219.1
Project("{FAE04EC0-301F-11D3-BF4B-00C04F79EFBC}") = "calculator", "calculator.csproj", "{11740639-8780-4BF9-97BC-5B8DF64141EA}"
EndProject
Global
	GlobalSection(SolutionConfigurationPlatforms) = preSolution
		Debug|Any CPU = Debug|Any CPU
		Release|Any CPU = Release|Any CPU
	EndGlobalSection
	GlobalSection(ProjectConfigurationPlatforms) = postSolution
		{11740639-8780-4BF9-97BC-5B8DF64141EA}.Debug|Any CPU.ActiveCfg = Debug|Any CPU
		{11740639-8780-4BF9-97BC-5B8DF64141EA}.Debug|Any CPU.Build.0 = Debug|Any CPU
		{11740639-8780-4BF9-97BC-5B8DF64141EA}.Release|Any CPU.ActiveCfg = Release|Any CPU
		{11740639-8780-4BF9-97BC-5B8DF64141EA}.Release|Any CPU.Build.0 = Release|Any CPU
	EndGlobalSection
	GlobalSection(SolutionProperties) = preSolution
		HideSolutionNode = FALSE
	EndGlobalSection
	GlobalSection(ExtensibilityGlobals) = postSolution
		SolutionGuid = {C1BB9138-C44E-4FEA-8330-0F285055C4C6}
	EndGlobalSection
EndGlobal
